{
    "_readme": [
        "This file locks the dependencies of your project to a known state",
        "Read more about it at https://getcomposer.org/doc/01-basic-usage.md#installing-dependencies",
        "This file is @generated automatically"
    ],
    "content-hash": "d8f8ccf5cc623391b29016400cc7a3cc",
    "packages": [],
    "packages-dev": [],
    "aliases": [],
    "minimum-stability": "stable",
    "stability-flags": [],
    "prefer-stable": false,
    "prefer-lowest": false,
    "platform": {
        "php": ">=7.3.24",
        "ext-bcmath": "*",
        "ext-mcrypt": "*",
        "ext-memcached": "*",
        "ext-mongodb": "^1.1.0"
    },
    "platform-dev": [],
    "plugin-api-version": "2.3.0"
}
